// !$*UTF8*$!
{
	archiveVersion = 1;
	classes = {
	};
	objectVersion = 46;
	objects = {

/* Begin PBXBuildFile section */
		3EE90CEE1B6199BC0081916D /* AppDelegate.swift in Sources */ = {isa = PBXBuildFile; fileRef = 3EE90CED1B6199BC0081916D /* AppDelegate.swift */; };
		3EE90CF01B6199BC0081916D /* ViewController.swift in Sources */ = {isa = PBXBuildFile; fileRef = 3EE90CEF1B6199BC0081916D /* ViewController.swift */; };
		3EE90CF31B6199BC0081916D /* Main.storyboard in Resources */ = {isa = PBXBuildFile; fileRef = 3EE90CF11B6199BC0081916D /* Main.storyboard */; };
		3EE90CF51B6199BC0081916D /* Assets.xcassets in Resources */ = {isa = PBXBuildFile; fileRef = 3EE90CF41B6199BC0081916D /* Assets.xcassets */; };
		3EE90CF81B6199BC0081916D /* LaunchScreen.storyboard in Resources */ = {isa = PBXBuildFile; fileRef = 3EE90CF61B6199BC0081916D /* LaunchScreen.storyboard */; };
		3EE90D021B65D99B0081916D /* EventDispatcher.swift in Sources */ = {isa = PBXBuildFile; fileRef = 3EE90D011B65D99B0081916D /* EventDispatcher.swift */; };
/* End PBXBuildFile section */

/* Begin PBXFileReference section */
		3EE90CEA1B6199BC0081916D /* EventDispatcher.app */ = {isa = PBXFileReference; explicitFileType = wrapper.application; includeInIndex = 0; path = EventDispatcher.app; sourceTree = BUILT_PRODUCTS_DIR; };
		3EE90CED1B6199BC0081916D /* AppDelegate.swift */ = {isa = PBXFileReference; lastKnownFileType = sourcecode.swift; path = AppDelegate.swift; sourceTree = "<group>"; };
		3EE90CEF1B6199BC0081916D /* ViewController.swift */ = {isa = PBXFileReference; lastKnownFileType = sourcecode.swift; path = ViewController.swift; sourceTree = "<group>"; };
		3EE90CF21B6199BC0081916D /* Base */ = {isa = PBXFileReference; lastKnownFileType = file.storyboard; name = Base; path = Base.lproj/Main.storyboard; sourceTree = "<group>"; };
		3EE90CF41B6199BC0081916D /* Assets.xcassets */ = {isa = PBXFileReference; lastKnownFileType = folder.assetcatalog; path = Assets.xcassets; sourceTree = "<group>"; };
		3EE90CF71B6199BC0081916D /* Base */ = {isa = PBXFileReference; lastKnownFileType = file.storyboard; name = Base; path = Base.lproj/LaunchScreen.storyboard; sourceTree = "<group>"; };
		3EE90CF91B6199BC0081916D /* Info.plist */ = {isa = PBXFileReference; lastKnownFileType = text.plist.xml; path = Info.plist; sourceTree = "<group>"; };
		3EE90D011B65D99B0081916D /* EventDispatcher.swift */ = {isa = PBXFileReference; fileEncoding = 4; lastKnownFileType = sourcecode.swift; path = EventDispatcher.swift; sourceTree = "<group>"; };
/* End PBXFileReference section */

/* Begin PBXFrameworksBuildPhase section */
		3EE90CE71B6199BC0081916D /* Frameworks */ = {
			isa = PBXFrameworksBuildPhase;
			buildActionMask = 2147483647;
			files = (
			);
			runOnlyForDeploymentPostprocessing = 0;
		};
/* End PBXFrameworksBuildPhase section */

/* Begin PBXGroup section */
		3EE90CE11B6199BC0081916D = {
			isa = PBXGroup;
			children = (
				3EE90CEC1B6199BC0081916D /* EventDispatcher */,
				3EE90CEB1B6199BC0081916D /* Products */,
			);
			sourceTree = "<group>";
		};
		3EE90CEB1B6199BC0081916D /* Products */ = {
			isa = PBXGroup;
			children = (
				3EE90CEA1B6199BC0081916D /* EventDispatcher.app */,
			);
			name = Products;
			sourceTree = "<group>";
		};
		3EE90CEC1B6199BC0081916D /* EventDispatcher */ = {
			isa = PBXGroup;
			children = (
				3EE90CED1B6199BC0081916D /* AppDelegate.swift */,
				3EE90CEF1B6199BC0081916D /* ViewController.swift */,
				3EE90CF11B6199BC0081916D /* Main.storyboard */,
				3EE90CF41B6199BC0081916D /* Assets.xcassets */,
				3EE90CF61B6199BC0081916D /* LaunchScreen.storyboard */,
				3EE90CF91B6199BC0081916D /* Info.plist */,
				3EE90D011B65D99B0081916D /* EventDispatcher.swift */,
			);
			path = EventDispatcher;
			sourceTree = "<group>";
		};
/* End PBXGroup section */

/* Begin PBXNativeTarget section */
		3EE90CE91B6199BC0081916D /* EventDispatcher */ = {
			isa = PBXNativeTarget;
			buildConfigurationList = 3EE90CFC1B6199BC0081916D /* Build configuration list for PBXNativeTarget "EventDispatcher" */;
			buildPhases = (
				3EE90CE61B6199BC0081916D /* Sources */,
				3EE90CE71B6199BC0081916D /* Frameworks */,
				3EE90CE81B6199BC0081916D /* Resources */,
			);
			buildRules = (
			);
			dependencies = (
			);
			name = EventDispatcher;
			productName = EventDispatcher;
			productReference = 3EE90CEA1B6199BC0081916D /* EventDispatcher.app */;
			productType = "com.apple.product-type.application";
		};
/* End PBXNativeTarget section */

/* Begin PBXProject section */
		3EE90CE21B6199BC0081916D /* Project object */ = {
			isa = PBXProject;
			attributes = {
				LastUpgradeCheck = 0700;
				ORGANIZATIONNAME = "Simon Gladman";
				TargetAttributes = {
					3EE90CE91B6199BC0081916D = {
						CreatedOnToolsVersion = 7.0;
					};
				};
			};
			buildConfigurationList = 3EE90CE51B6199BC0081916D /* Build configuration list for PBXProject "EventDispatcher" */;
			compatibilityVersion = "Xcode 3.2";
			developmentRegion = English;
			hasScannedForEncodings = 0;
			knownRegions = (
				en,
				Base,
			);
			mainGroup = 3EE90CE11B6199BC0081916D;
			productRefGroup = 3EE90CEB1B6199BC0081916D /* Products */;
			projectDirPath = "";
			projectRoot = "";
			targets = (
				3EE90CE91B6199BC0081916D /* EventDispatcher */,
			);
		};
/* End PBXProject section */

/* Begin PBXResourcesBuildPhase section */
		3EE90CE81B6199BC0081916D /* Resources */ = {
			isa = PBXResourcesBuildPhase;
			buildActionMask = 2147483647;
			files = (
				3EE90CF81B6199BC0081916D /* LaunchScreen.storyboard in Resources */,
				3EE90CF51B6199BC0081916D /* Assets.xcassets in Resources */,
				3EE90CF31B6199BC0081916D /* Main.storyboard in Resources */,
			);
			runOnlyForDeploymentPostprocessing = 0;
		};
/* End PBXResourcesBuildPhase section */

/* Begin PBXSourcesBuildPhase section */
		3EE90CE61B6199BC0081916D /* Sources */ = {
			isa = PBXSourcesBuildPhase;
			buildActionMask = 2147483647;
			files = (
				3EE90CF01B6199BC0081916D /* ViewController.swift in Sources */,
				3EE90D021B65D99B0081916D /* EventDispatcher.swift in Sources */,
				3EE90CEE1B6199BC0081916D /* AppDelegate.swift in Sources */,
			);
			runOnlyForDeploymentPostprocessing = 0;
		};
/* End PBXSourcesBuildPhase section */

/* Begin PBXVariantGroup section */
		3EE90CF11B6199BC0081916D /* Main.storyboard */ = {
			isa = PBXVariantGroup;
			children = (
				3EE90CF21B6199BC0081916D /* Base */,
			);
			name = Main.storyboard;
			sourceTree = "<group>";
		};
		3EE90CF61B6199BC0081916D /* LaunchScreen.storyboard */ = {
			isa = PBXVariantGroup;
			children = (
				3EE90CF71B6199BC0081916D /* Base */,
			);
			name = LaunchScreen.storyboard;
			sourceTree = "<group>";
		};
/* End PBXVariantGroup section */

/* Begin XCBuildConfiguration section */
		3EE90CFA1B6199BC0081916D /* Debug */ = {
			isa = XCBuildConfiguration;
			buildSettings = {
				ALWAYS_SEARCH_USER_PATHS = NO;
				CLANG_CXX_LANGUAGE_STANDARD = "gnu++0x";
				CLANG_CXX_LIBRARY = "libc++";
				CLANG_ENABLE_MODULES = YES;
				CLANG_ENABLE_OBJC_ARC = YES;
				CLANG_WARN_BOOL_CONVERSION = YES;
				CLANG_WARN_CONSTANT_CONVERSION = YES;
				CLANG_WARN_DIRECT_OBJC_ISA_USAGE = YES_ERROR;
				CLANG_WARN_EMPTY_BODY = YES;
				CLANG_WARN_ENUM_CONVERSION = YES;
				CLANG_WARN_INT_CONVERSION = YES;
				CLANG_WARN_OBJC_ROOT_CLASS = YES_ERROR;
				CLANG_WARN_UNREACHABLE_CODE = YES;
				CLANG_WARN__DUPLICATE_METHOD_MATCH = YES;
				"CODE_SIGN_IDENTITY[sdk=iphoneos*]" = "iPhone Developer";
				COPY_PHASE_STRIP = NO;
				DEBUG_INFORMATION_FORMAT = dwarf;
				ENABLE_STRICT_OBJC_MSGSEND = YES;
				ENABLE_TESTABILITY = YES;
				GCC_C_LANGUAGE_STANDARD = gnu99;
				GCC_DYNAMIC_NO_PIC = NO;
				GCC_NO_COMMON_BLOCKS = YES;
				GCC_OPTIMIZATION_LEVEL = 0;
				GCC_PREPROCESSOR_DEFINITIONS = (
					"DEBUG=1",
					"$(inherited)",
				);
				GCC_WARN_64_TO_32_BIT_CONVERSION = YES;
				GCC_WARN_ABOUT_RETURN_TYPE = YES_ERROR;
				GCC_WARN_UNDECLARED_SELECTOR = YES;
				GCC_WARN_UNINITIALIZED_AUTOS = YES_AGGRESSIVE;
				GCC_WARN_UNUSED_FUNCTION = YES;
				GCC_WARN_UNUSED_VARIABLE = YES;
				IPHONEOS_DEPLOYMENT_TARGET = 9.0;
				MTL_ENABLE_DEBUG_INFO = YES;
				ONLY_ACTIVE_ARCH = YES;
				SDKROOT = iphoneos;
				SWIFT_OPTIMIZATION_LEVEL = "-Onone";
				TARGETED_DEVICE_FAMILY = 2;
			};
			name = Debug;
		};
		3EE90CFB1B6199BC0081916D /* Release */ = {
			isa = XCBuildConfiguration;
			buildSettings = {
				ALWAYS_SEARCH_USER_PATHS = NO;
				CLANG_CXX_LANGUAGE_STANDARD = "gnu++0x";
				CLANG_CXX_LIBRARY = "libc++";
				CLANG_ENABLE_MODULES = YES;
				CLANG_ENABLE_OBJC_ARC = YES;
				CLANG_WARN_BOOL_CONVERSION = YES;
				CLANG_WARN_CONSTANT_CONVERSION = YES;
				CLANG_WARN_DIRECT_OBJC_ISA_USAGE = YES_ERROR;
				CLANG_WARN_EMPTY_BODY = YES;
				CLANG_WARN_ENUM_CONVERSION = YES;
				CLANG_WARN_INT_CONVERSION = YES;
				CLANG_WARN_OBJC_ROOT_CLASS = YES_ERROR;
				CLANG_WARN_UNREACHABLE_CODE = YES;
				CLANG_WARN__DUPLICATE_METHOD_MATCH = YES;
				"CODE_SIGN_IDENTITY[sdk=iphoneos*]" = "iPhone Developer";
				COPY_PHASE_STRIP = NO;
				DEBUG_INFORMATION_FORMAT = "dwarf-with-dsym";
				ENABLE_NS_ASSERTIONS = NO;
				ENABLE_STRICT_OBJC_MSGSEND = YES;
				GCC_C_LANGUAGE_STANDARD = gnu99;
				GCC_NO_COMMON_BLOCKS = YES;
				GCC_WARN_64_TO_32_BIT_CONVERSION = YES;
				GCC_WARN_ABOUT_RETURN_TYPE = YES_ERROR;
				GCC_WARN_UNDECLARED_SELECTOR = YES;
				GCC_WARN_UNINITIALIZED_AUTOS = YES_AGGRESSIVE;
				GCC_WARN_UNUSED_FUNCTION = YES;
				GCC_WARN_UNUSED_VARIABLE = YES;
				IPHONEOS_DEPLOYMENT_TARGET = 9.0;
				MTL_ENABLE_DEBUG_INFO = NO;
				SDKROOT = iphoneos;
				TARGETED_DEVICE_FAMILY = 2;
				VALIDATE_PRODUCT = YES;
			};
			name = Release;
		};
		3EE90CFD1B6199BC0081916D /* Debug */ = {
			isa = XCBuildConfiguration;
			buildSettings = {
				ASSETCATALOG_COMPILER_APPICON_NAME = AppIcon;
				INFOPLIST_FILE = EventDispatcher/Info.plist;
				LD_RUNPATH_SEARCH_PATHS = "$(inherited) @executable_path/Frameworks";
				PRODUCT_BUNDLE_IDENTIFIER = uk.co.flexmonkey.EventDispatcher;
				PRODUCT_NAME = "$(TARGET_NAME)";
			};
			name = Debug;
		};
		3EE90CFE1B6199BC0081916D /* Release */ = {
			isa = XCBuildConfiguration;
			buildSettings = {
				ASSETCATALOG_COMPILER_APPICON_NAME = AppIcon;
				INFOPLIST_FILE = EventDispatcher/Info.plist;
				LD_RUNPATH_SEARCH_PATHS = "$(inherited) @executable_path/Frameworks";
				PRODUCT_BUNDLE_IDENTIFIER = uk.co.flexmonkey.EventDispatcher;
				PRODUCT_NAME = "$(TARGET_NAME)";
			};
			name = Release;
		};
/* End XCBuildConfiguration section */

/* Begin XCConfigurationList section */
		3EE90CE51B6199BC0081916D /* Build configuration list for PBXProject "EventDispatcher" */ = {
			isa = XCConfigurationList;
			buildConfigurations = (
				3EE90CFA1B6199BC0081916D /* Debug */,
				3EE90CFB1B6199BC0081916D /* Release */,
			);
			defaultConfigurationIsVisible = 0;
			defaultConfigurationName = Release;
		};
		3EE90CFC1B6199BC0081916D /* Build configuration list for PBXNativeTarget "EventDispatcher" */ = {
			isa = XCConfigurationList;
			buildConfigurations = (
				3EE90CFD1B6199BC0081916D /* Debug */,
				3EE90CFE1B6199BC0081916D /* Release */,
			);
			defaultConfigurationIsVisible = 0;
		};
/* End XCConfigurationList section */
	};
	rootObject = 3EE90CE21B6199BC0081916D /* Project object */;
}
